# THIS IS AN AUTOGENERATED FILE. DO NOT EDIT THIS FILE DIRECTLY.
# yarn lockfile v1


"@cloudbase/adapter-interface@^0.4.0":
  version "0.4.1"
  resolved "https://registry.npmjs.org/@cloudbase/adapter-interface/-/adapter-interface-0.4.1.tgz#92c37e1a844d0964dd686806c70cb00e6ccabae2"
  integrity sha512-DJBhBUMg6pYByaw4II7rawbW8nu+x+faZFIxIkWeTRSxboW/jS3NpBQ7kAbycEJVAB2DO77FsnaHKYAMLnvwzw==

"@cloudbase/app@^1.2.2", "@cloudbase/app@^1.2.3":
  version "1.2.3"
  resolved "https://registry.npmjs.org/@cloudbase/app/-/app-1.2.3.tgz#5671be4b2003a5831477cbdcce5dc100712abb0a"
  integrity sha512-vJO1QTN4DXIz6ZbXxVrqHKukieKYYoMbxe8H2dSSBYT17Xg1JPB06KIYjtxvSGukRdEwfgz09VQyTu9+IhcmiQ==
  dependencies:
    "@cloudbase/adapter-interface" "^0.4.0"
    "@cloudbase/types" "^1.1.1"
    "@cloudbase/utilities" "^1.2.2"
    cloudbase-adapter-wx_mp "0.2.0"

"@cloudbase/auth@^1.3.2":
  version "1.3.3"
  resolved "https://registry.npmjs.org/@cloudbase/auth/-/auth-1.3.3.tgz#e2ffda25997b02ff499e3afc73be5139ec643294"
  integrity sha512-R5dCN4fIhX7ljL911eEKe3nwEVovjS6SzECKytjCqwgQLfJULfL3OUKT+x4ZT+L4hZ61wX18h5DfyO3ByjtGxg==
  dependencies:
    "@cloudbase/adapter-interface" "^0.4.0"
    "@cloudbase/app" "^1.2.3"
    "@cloudbase/types" "^1.1.1"
    "@cloudbase/utilities" "^1.2.2"
    sourcemapped-stacktrace "^1.1.11"

"@cloudbase/database@^0.9.18-next":
  version "0.9.18-next"
  resolved "https://registry.npmjs.org/@cloudbase/database/-/database-0.9.18-next.tgz#3c8919512c891783f3acaad7228da2dfcfd951d7"
  integrity sha512-iXruD1T5scc/h+zNc7o3EdoiEr5l0eLhMH47UsIprp5livB7tdZTDX9U5EBXflYmRIG/1TrK983GsvCbKWT7iw==
  dependencies:
    bson "^4.0.2"
    lodash.clonedeep "4.5.0"
    lodash.set "4.3.2"
    lodash.unset "4.5.2"

"@cloudbase/functions@^1.2.1":
  version "1.2.2"
  resolved "https://registry.npmjs.org/@cloudbase/functions/-/functions-1.2.2.tgz#826c16c64b78e30169ca61abfc6894283772843f"
  integrity sha512-zlihwOUGnqLaa5YRB6ZMslOsfx7+azAQqQBw0Q0WQVSely0IM4YO2THnDtAPqVBIPr38G7FztPJ6A6ukSV+O0A==
  dependencies:
    "@cloudbase/adapter-interface" "^0.4.0"
    "@cloudbase/types" "^1.1.1"
    "@cloudbase/utilities" "^1.2.2"

"@cloudbase/js-sdk@1.3.2":
  version "1.3.2"
  resolved "https://registry.npmjs.org/@cloudbase/js-sdk/-/js-sdk-1.3.2.tgz#04993a06e0aba812206a30e437bb1cabf0471cc6"
  integrity sha512-DMUqUhAebJGTA56slrqxFU3mpClcK2yH4uqcL7cvlzvSY0Z7Ood8pqmXK9kH3n2zYxmNmw/ScuYaw9P1Rve8GA==
  dependencies:
    "@cloudbase/app" "^1.2.2"
    "@cloudbase/auth" "^1.3.2"
    "@cloudbase/database" "^0.9.18-next"
    "@cloudbase/functions" "^1.2.1"
    "@cloudbase/realtime" "^1.1.1"
    "@cloudbase/storage" "^1.2.1"
    "@cloudbase/types" "^1.1.0"
    "@cloudbase/utilities" "^1.2.1"

"@cloudbase/realtime@^1.1.1":
  version "1.1.2"
  resolved "https://registry.npmjs.org/@cloudbase/realtime/-/realtime-1.1.2.tgz#b76f0541e3022446e602fee4070b67f0468421e1"
  integrity sha512-qFZ3vF+N8ozpXLGVo0ARBG+xrWC5sE03qc0aGSvQQp4DCOLOphFyfJKgMWRl+fC9x5MLh4gqIBpdhbAaWttGmQ==
  dependencies:
    "@cloudbase/types" "^1.1.1"

"@cloudbase/storage@^1.2.1":
  version "1.2.2"
  resolved "https://registry.npmjs.org/@cloudbase/storage/-/storage-1.2.2.tgz#af53fdf6850207165fb91b0a2d385e27b9bd4eae"
  integrity sha512-HsoLl05t4qykn5dLlDq0RMQECdJQKRB/0fUAMU1ouljNczYhJsmaNsz7bXH50RKb5Y1l8cDzrzku8IFyUTdraw==
  dependencies:
    "@cloudbase/types" "^1.1.1"
    "@cloudbase/utilities" "^1.2.2"

"@cloudbase/types@^1.1.0", "@cloudbase/types@^1.1.1":
  version "1.1.1"
  resolved "https://registry.npmjs.org/@cloudbase/types/-/types-1.1.1.tgz#51895d5a878df46d9ba8ca3bfdabc17e54607006"
  integrity sha512-Viw62iazQu83y3AvJj+JPNSFodpsuVqfrGFUfR03AA2XL72xc1Tw1f/21vG5L5K9pPqT38MxYuZCXRnhRtCjlQ==
  dependencies:
    "@cloudbase/adapter-interface" "^0.4.0"

"@cloudbase/utilities@^1.2.1", "@cloudbase/utilities@^1.2.2":
  version "1.2.2"
  resolved "https://registry.npmjs.org/@cloudbase/utilities/-/utilities-1.2.2.tgz#0b6eef8c24f7956c453924da8139cda980d2bd90"
  integrity sha512-mxWG5wW8Gr48sCfm+UzP54t6MwGlJF72q3U5MzInlliJV76nt/LiBsYoieYGvd8Um8OK6MavXfnBf2TIc/F07g==
  dependencies:
    "@cloudbase/adapter-interface" "^0.4.0"
    "@cloudbase/types" "^1.1.1"
    crypto-js "3"

base64-js@^1.3.1:
  version "1.5.1"
  resolved "https://registry.npmjs.org/base64-js/-/base64-js-1.5.1.tgz#1b1b440160a5bf7ad40b650f095963481903930a"
  integrity sha512-AKpaYlHn8t4SVbOHCy+b5+KKgvR4vrsD8vbvrbiQJps7fKDTkjkDry6ji0rUJjC0kzbNePLwzxq8iypo41qeWA==

bson@^4.0.2:
  version "4.2.2"
  resolved "https://registry.npmjs.org/bson/-/bson-4.2.2.tgz#ac01bb32b8ab30839550b98e0f44fced931df75d"
  integrity sha512-9fX257PVHAUpiRGmY3356RVWKQxLA73BgjA/x5MGuJkTEMeG7yzjuBrsiFB67EXRJnFVKrbJY9t/M+oElKYktQ==
  dependencies:
    buffer "^5.6.0"

buffer@^5.6.0:
  version "5.7.1"
  resolved "https://registry.npmjs.org/buffer/-/buffer-5.7.1.tgz#ba62e7c13133053582197160851a8f648e99eed0"
  integrity sha512-EHcyIPBQ4BSGlvjB16k5KgAJ27CIsHY/2JBmCRReo48y9rQ3MaUzWX3KVlBa4U7MyX02HdVj0K7C3WaB3ju7FQ==
  dependencies:
    base64-js "^1.3.1"
    ieee754 "^1.1.13"

cloudbase-adapter-wx_mp@0.2.0:
  version "0.2.0"
  resolved "https://registry.npmjs.org/cloudbase-adapter-wx_mp/-/cloudbase-adapter-wx_mp-0.2.0.tgz#21bd81acec852373ee8b62ab4de57e535eec0059"
  integrity sha512-GiQGm11cH0K8oKY5tuJZm7DgsM2+WUw5toteMJlKTLMH4ouFrizu5J228I2kXtEWU+u/wE+5tuNGrEdhlfpkZQ==
  dependencies:
    "@cloudbase/adapter-interface" "^0.4.0"

crypto-js@3:
  version "3.3.0"
  resolved "https://registry.npmjs.org/crypto-js/-/crypto-js-3.3.0.tgz#846dd1cce2f68aacfa156c8578f926a609b7976b"
  integrity sha512-DIT51nX0dCfKltpRiXV+/TVZq+Qq2NgF4644+K7Ttnla7zEzqc+kjJyiB96BHNyUTBxyjzRcZYpUdZa+QAqi6Q==

ieee754@^1.1.13:
  version "1.2.1"
  resolved "https://registry.npmjs.org/ieee754/-/ieee754-1.2.1.tgz#8eb7a10a63fff25d15a57b001586d177d1b0d352"
  integrity sha512-dcyqhDvX1C46lXZcVqCpK+FtMRQVdIMN6/Df5js2zouUsqG7I6sFxitIC+7KYK29KdXOLHdu9zL4sFnoVQnqaA==

lodash.clonedeep@4.5.0:
  version "4.5.0"
  resolved "https://registry.npmjs.org/lodash.clonedeep/-/lodash.clonedeep-4.5.0.tgz#e23f3f9c4f8fbdde872529c1071857a086e5ccef"
  integrity sha1-4j8/nE+Pvd6HJSnBBxhXoIblzO8=

lodash.set@4.3.2:
  version "4.3.2"
  resolved "https://registry.npmjs.org/lodash.set/-/lodash.set-4.3.2.tgz#d8757b1da807dde24816b0d6a84bea1a76230b23"
  integrity sha1-2HV7HagH3eJIFrDWqEvqGnYjCyM=

lodash.unset@4.5.2:
  version "4.5.2"
  resolved "https://registry.npmjs.org/lodash.unset/-/lodash.unset-4.5.2.tgz#370d1d3e85b72a7e1b0cdf2d272121306f23e4ed"
  integrity sha1-Nw0dPoW3Kn4bDN8tJyEhMG8j5O0=

source-map@0.5.6:
  version "0.5.6"
  resolved "https://registry.npmjs.org/source-map/-/source-map-0.5.6.tgz#75ce38f52bf0733c5a7f0c118d81334a2bb5f412"
  integrity sha1-dc449SvwczxafwwRjYEzSiu19BI=

sourcemapped-stacktrace@^1.1.11:
  version "1.1.11"
  resolved "https://registry.npmjs.org/sourcemapped-stacktrace/-/sourcemapped-stacktrace-1.1.11.tgz#e2dede7fc148599c52a4f883276e527f8452657d"
  integrity sha512-O0pcWjJqzQFVsisPlPXuNawJHHg9N9UgpJ/aDmvi9+vnS3x1C0NhwkVFzzZ1VN0Xo+bekyweoqYvBw5ZBKiNnQ==
  dependencies:
    source-map "0.5.6"
